{
  "lockfileVersion": 1,
  "configVersion": 1,
  "workspaces": {
    "": {
      "dependencies": {
        "@opencode-ai/plugin": "1.0.207",
      },
    },
  },
  "packages": {
    "@opencode-ai/plugin": ["@opencode-ai/plugin@1.0.207", "", { "dependencies": { "@opencode-ai/sdk": "1.0.207", "zod": "4.1.8" } }, "sha512-UOjZ09lVwWv0MRHUcluLm3eeYC7rmQyuSRfaaK6RLKn1bdsypp8lnuw9HZ2nrR5kmkiF12+9yMM4bVgER6lTBw=="],

    "@opencode-ai/sdk": ["@opencode-ai/sdk@1.0.207", "", {}, "sha512-/t4C3+PXZ5NpN7+HwKZmVwJsJmQ1eyub0eQcV8GZh7fuPo2wCxKHCD/lzk82CobW+3jVp2TSBKeDBBTtVvEFeQ=="],

    "zod": ["zod@4.1.8", "", {}, "sha512-5R1P+WwQqmmMIEACyzSvo4JXHY5WiAFHRMg+zBZKgKS+Q1viRa0C1hmUKtHltoIFKtIdki3pRxkmpP74jnNYHQ=="],
  }
}
