{
  "lockfileVersion": 1,
  "configVersion": 1,
  "workspaces": {
    "": {
      "dependencies": {
        "@opencode-ai/plugin": "1.0.200",
      },
    },
  },
  "packages": {
    "@opencode-ai/plugin": ["@opencode-ai/plugin@1.0.200", "", { "dependencies": { "@opencode-ai/sdk": "1.0.200", "zod": "4.1.8" } }, "sha512-1qVeR6II8/DJI/Xp01TW59YjANyPf74//V2+kHUThQ7fIRVVTZJRDj82HjFyjUSOEA1FRcQ7tCGl1zD5X2P/aQ=="],

    "@opencode-ai/sdk": ["@opencode-ai/sdk@1.0.200", "", {}, "sha512-dwGsm0V7cJpYglcn6ChrcftCHzDBq/TZFC1qne4zym9jy5r4I1osCjlmZf5935ZriOQtUAdCP3s+wVcOERHBdA=="],

    "zod": ["zod@4.1.8", "", {}, "sha512-5R1P+WwQqmmMIEACyzSvo4JXHY5WiAFHRMg+zBZKgKS+Q1viRa0C1hmUKtHltoIFKtIdki3pRxkmpP74jnNYHQ=="],
  }
}
